
Microsoft Visual Studio Solution File, Format Version 12.00
# Visual Studio Version 17
VisualStudioVersion = 17.11.35303.130
MinimumVisualStudioVersion = 10.0.40219.1
Project("{888888A0-9F3D-457C-B088-3A5042F75D52}") = "search", "search\search.pyproj", "{6A13DA5A-64C4-4199-9F0A-18B4D873103E}"
EndProject
Global
	GlobalSection(SolutionConfigurationPlatforms) = preSolution
		Debug|Any CPU = Debug|Any CPU
		Release|Any CPU = Release|Any CPU
	EndGlobalSection
	GlobalSection(ProjectConfigurationPlatforms) = postSolution
		{6A13DA5A-64C4-4199-9F0A-18B4D873103E}.Debug|Any CPU.ActiveCfg = Debug|Any CPU
		{6A13DA5A-64C4-4199-9F0A-18B4D873103E}.Release|Any CPU.ActiveCfg = Release|Any CPU
	EndGlobalSection
	GlobalSection(SolutionProperties) = preSolution
		HideSolutionNode = FALSE
	EndGlobalSection
	GlobalSection(ExtensibilityGlobals) = postSolution
		SolutionGuid = {E857EA23-DFBD-4B47-8B91-5DA96784B626}
	EndGlobalSection
EndGlobal
